
Microsoft Visual Studio Solution File, Format Version 12.00
# Visual Studio Version 17
VisualStudioVersion = 17.0.32126.317
MinimumVisualStudioVersion = 10.0.40219.1
Project("{FAE04EC0-301F-11D3-BF4B-00C04F79EFBC}") = "MentoringAppAPI", "MentoringAppAPI\MentoringAppAPI.csproj", "{EC44DB9F-4445-4957-8FCA-13289807408F}"
EndProject
Global
	GlobalSection(SolutionConfigurationPlatforms) = preSolution
		Debug|Any CPU = Debug|Any CPU
		Release|Any CPU = Release|Any CPU
	EndGlobalSection
	GlobalSection(ProjectConfigurationPlatforms) = postSolution
		{EC44DB9F-4445-4957-8FCA-13289807408F}.Debug|Any CPU.ActiveCfg = Debug|Any CPU
		{EC44DB9F-4445-4957-8FCA-13289807408F}.Debug|Any CPU.Build.0 = Debug|Any CPU
		{EC44DB9F-4445-4957-8FCA-13289807408F}.Release|Any CPU.ActiveCfg = Release|Any CPU
		{EC44DB9F-4445-4957-8FCA-13289807408F}.Release|Any CPU.Build.0 = Release|Any CPU
	EndGlobalSection
	GlobalSection(SolutionProperties) = preSolution
		HideSolutionNode = FALSE
	EndGlobalSection
	GlobalSection(ExtensibilityGlobals) = postSolution
		SolutionGuid = {7881B1F4-3632-4162-BB9E-7B78B8B93A46}
	EndGlobalSection
EndGlobal
